// !$*UTF8*$!
{
	archiveVersion = 1;
	classes = {
	};
	objectVersion = 48;
	objects = {

/* Begin PBXBuildFile section */
		370E7B7A1FD7A32300A6C69E /* LoginViewController.m in Sources */ = {isa = PBXBuildFile; fileRef = 370E7B791FD7A32300A6C69E /* LoginViewController.m */; };
		370E7B7D1FD7B32C00A6C69E /* KeyboardAnimator.m in Sources */ = {isa = PBXBuildFile; fileRef = 370E7B7B1FD7B32C00A6C69E /* KeyboardAnimator.m */; };
		370E7B801FD7DB5100A6C69E /* ResponseViewController.m in Sources */ = {isa = PBXBuildFile; fileRef = 370E7B7F1FD7DB5100A6C69E /* ResponseViewController.m */; };
		375557851FD8F1F500986F02 /* UserInfo.m in Sources */ = {isa = PBXBuildFile; fileRef = 375557831FD8F1F500986F02 /* UserInfo.m */; };
		D737C4881FC6CF17000F723F /* AppDelegate.m in Sources */ = {isa = PBXBuildFile; fileRef = D737C4871FC6CF17000F723F /* AppDelegate.m */; };
		D737C48E1FC6CF17000F723F /* Main.storyboard in Resources */ = {isa = PBXBuildFile; fileRef = D737C48C1FC6CF17000F723F /* Main.storyboard */; };
		D737C4901FC6CF17000F723F /* Assets.xcassets in Resources */ = {isa = PBXBuildFile; fileRef = D737C48F1FC6CF17000F723F /* Assets.xcassets */; };
		D737C4931FC6CF17000F723F /* LaunchScreen.storyboard in Resources */ = {isa = PBXBuildFile; fileRef = D737C4911FC6CF17000F723F /* LaunchScreen.storyboard */; };
		D737C4961FC6CF18000F723F /* main.m in Sources */ = {isa = PBXBuildFile; fileRef = D737C4951FC6CF18000F723F /* main.m */; };
/* End PBXBuildFile section */

/* Begin PBXFileReference section */
		370E7B781FD7A32300A6C69E /* LoginViewController.h */ = {isa = PBXFileReference; lastKnownFileType = sourcecode.c.h; path = LoginViewController.h; sourceTree = "<group>"; };
		370E7B791FD7A32300A6C69E /* LoginViewController.m */ = {isa = PBXFileReference; lastKnownFileType = sourcecode.c.objc; path = LoginViewController.m; sourceTree = "<group>"; };
		370E7B7B1FD7B32C00A6C69E /* KeyboardAnimator.m */ = {isa = PBXFileReference; fileEncoding = 4; lastKnownFileType = sourcecode.c.objc; path = KeyboardAnimator.m; sourceTree = "<group>"; };
		370E7B7C1FD7B32C00A6C69E /* KeyboardAnimator.h */ = {isa = PBXFileReference; fileEncoding = 4; lastKnownFileType = sourcecode.c.h; path = KeyboardAnimator.h; sourceTree = "<group>"; };
		370E7B7E1FD7DB5100A6C69E /* ResponseViewController.h */ = {isa = PBXFileReference; lastKnownFileType = sourcecode.c.h; path = ResponseViewController.h; sourceTree = "<group>"; };
		370E7B7F1FD7DB5100A6C69E /* ResponseViewController.m */ = {isa = PBXFileReference; lastKnownFileType = sourcecode.c.objc; path = ResponseViewController.m; sourceTree = "<group>"; };
		375557831FD8F1F500986F02 /* UserInfo.m */ = {isa = PBXFileReference; fileEncoding = 4; lastKnownFileType = sourcecode.c.objc; path = UserInfo.m; sourceTree = "<group>"; };
		375557841FD8F1F500986F02 /* UserInfo.h */ = {isa = PBXFileReference; fileEncoding = 4; lastKnownFileType = sourcecode.c.h; path = UserInfo.h; sourceTree = "<group>"; };
		D737C4831FC6CF17000F723F /* Hajirakhata Autologin.app */ = {isa = PBXFileReference; explicitFileType = wrapper.application; includeInIndex = 0; path = "Hajirakhata Autologin.app"; sourceTree = BUILT_PRODUCTS_DIR; };
		D737C4861FC6CF17000F723F /* AppDelegate.h */ = {isa = PBXFileReference; lastKnownFileType = sourcecode.c.h; path = AppDelegate.h; sourceTree = "<group>"; };
		D737C4871FC6CF17000F723F /* AppDelegate.m */ = {isa = PBXFileReference; lastKnownFileType = sourcecode.c.objc; path = AppDelegate.m; sourceTree = "<group>"; };
		D737C48D1FC6CF17000F723F /* Base */ = {isa = PBXFileReference; lastKnownFileType = file.storyboard; name = Base; path = Base.lproj/Main.storyboard; sourceTree = "<group>"; };
		D737C48F1FC6CF17000F723F /* Assets.xcassets */ = {isa = PBXFileReference; lastKnownFileType = folder.assetcatalog; path = Assets.xcassets; sourceTree = "<group>"; };
		D737C4921FC6CF17000F723F /* Base */ = {isa = PBXFileReference; lastKnownFileType = file.storyboard; name = Base; path = Base.lproj/LaunchScreen.storyboard; sourceTree = "<group>"; };
		D737C4941FC6CF18000F723F /* Info.plist */ = {isa = PBXFileReference; lastKnownFileType = text.plist.xml; path = Info.plist; sourceTree = "<group>"; };
		D737C4951FC6CF18000F723F /* main.m */ = {isa = PBXFileReference; lastKnownFileType = sourcecode.c.objc; path = main.m; sourceTree = "<group>"; };
/* End PBXFileReference section */

/* Begin PBXFrameworksBuildPhase section */
		D737C4801FC6CF16000F723F /* Frameworks */ = {
			isa = PBXFrameworksBuildPhase;
			buildActionMask = 2147483647;
			files = (
			);
			runOnlyForDeploymentPostprocessing = 0;
		};
/* End PBXFrameworksBuildPhase section */

/* Begin PBXGroup section */
		D737C47A1FC6CF16000F723F = {
			isa = PBXGroup;
			children = (
				D737C4851FC6CF17000F723F /* Hajirakhata Autologin */,
				D737C4841FC6CF17000F723F /* Products */,
			);
			sourceTree = "<group>";
		};
		D737C4841FC6CF17000F723F /* Products */ = {
			isa = PBXGroup;
			children = (
				D737C4831FC6CF17000F723F /* Hajirakhata Autologin.app */,
			);
			name = Products;
			sourceTree = "<group>";
		};
		D737C4851FC6CF17000F723F /* Hajirakhata Autologin */ = {
			isa = PBXGroup;
			children = (
				370E7B7C1FD7B32C00A6C69E /* KeyboardAnimator.h */,
				370E7B7B1FD7B32C00A6C69E /* KeyboardAnimator.m */,
				D737C4861FC6CF17000F723F /* AppDelegate.h */,
				D737C4871FC6CF17000F723F /* AppDelegate.m */,
				D737C48C1FC6CF17000F723F /* Main.storyboard */,
				370E7B7E1FD7DB5100A6C69E /* ResponseViewController.h */,
				370E7B7F1FD7DB5100A6C69E /* ResponseViewController.m */,
				370E7B781FD7A32300A6C69E /* LoginViewController.h */,
				370E7B791FD7A32300A6C69E /* LoginViewController.m */,
				375557841FD8F1F500986F02 /* UserInfo.h */,
				375557831FD8F1F500986F02 /* UserInfo.m */,
				D737C48F1FC6CF17000F723F /* Assets.xcassets */,
				D737C4911FC6CF17000F723F /* LaunchScreen.storyboard */,
				D737C4941FC6CF18000F723F /* Info.plist */,
				D737C4951FC6CF18000F723F /* main.m */,
			);
			path = "Hajirakhata Autologin";
			sourceTree = "<group>";
		};
/* End PBXGroup section */

/* Begin PBXNativeTarget section */
		D737C4821FC6CF16000F723F /* Hajirakhata Autologin */ = {
			isa = PBXNativeTarget;
			buildConfigurationList = D737C4991FC6CF18000F723F /* Build configuration list for PBXNativeTarget "Hajirakhata Autologin" */;
			buildPhases = (
				D737C47F1FC6CF16000F723F /* Sources */,
				D737C4801FC6CF16000F723F /* Frameworks */,
				D737C4811FC6CF16000F723F /* Resources */,
			);
			buildRules = (
			);
			dependencies = (
			);
			name = "Hajirakhata Autologin";
			productName = "Hajirakhata Autologin";
			productReference = D737C4831FC6CF17000F723F /* Hajirakhata Autologin.app */;
			productType = "com.apple.product-type.application";
		};
/* End PBXNativeTarget section */

/* Begin PBXProject section */
		D737C47B1FC6CF16000F723F /* Project object */ = {
			isa = PBXProject;
			attributes = {
				LastUpgradeCheck = 0900;
				ORGANIZATIONNAME = "Mujtahid Akon";
				TargetAttributes = {
					D737C4821FC6CF16000F723F = {
						CreatedOnToolsVersion = 9.0;
						ProvisioningStyle = Automatic;
					};
				};
			};
			buildConfigurationList = D737C47E1FC6CF16000F723F /* Build configuration list for PBXProject "Hajirakhata Autologin" */;
			compatibilityVersion = "Xcode 8.0";
			developmentRegion = en;
			hasScannedForEncodings = 0;
			knownRegions = (
				en,
				Base,
			);
			mainGroup = D737C47A1FC6CF16000F723F;
			productRefGroup = D737C4841FC6CF17000F723F /* Products */;
			projectDirPath = "";
			projectRoot = "";
			targets = (
				D737C4821FC6CF16000F723F /* Hajirakhata Autologin */,
			);
		};
/* End PBXProject section */

/* Begin PBXResourcesBuildPhase section */
		D737C4811FC6CF16000F723F /* Resources */ = {
			isa = PBXResourcesBuildPhase;
			buildActionMask = 2147483647;
			files = (
				D737C4931FC6CF17000F723F /* LaunchScreen.storyboard in Resources */,
				D737C4901FC6CF17000F723F /* Assets.xcassets in Resources */,
				D737C48E1FC6CF17000F723F /* Main.storyboard in Resources */,
			);
			runOnlyForDeploymentPostprocessing = 0;
		};
/* End PBXResourcesBuildPhase section */

/* Begin PBXSourcesBuildPhase section */
		D737C47F1FC6CF16000F723F /* Sources */ = {
			isa = PBXSourcesBuildPhase;
			buildActionMask = 2147483647;
			files = (
				D737C4961FC6CF18000F723F /* main.m in Sources */,
				370E7B7D1FD7B32C00A6C69E /* KeyboardAnimator.m in Sources */,
				D737C4881FC6CF17000F723F /* AppDelegate.m in Sources */,
				370E7B801FD7DB5100A6C69E /* ResponseViewController.m in Sources */,
				375557851FD8F1F500986F02 /* UserInfo.m in Sources */,
				370E7B7A1FD7A32300A6C69E /* LoginViewController.m in Sources */,
			);
			runOnlyForDeploymentPostprocessing = 0;
		};
/* End PBXSourcesBuildPhase section */

/* Begin PBXVariantGroup section */
		D737C48C1FC6CF17000F723F /* Main.storyboard */ = {
			isa = PBXVariantGroup;
			children = (
				D737C48D1FC6CF17000F723F /* Base */,
			);
			name = Main.storyboard;
			sourceTree = "<group>";
		};
		D737C4911FC6CF17000F723F /* LaunchScreen.storyboard */ = {
			isa = PBXVariantGroup;
			children = (
				D737C4921FC6CF17000F723F /* Base */,
			);
			name = LaunchScreen.storyboard;
			sourceTree = "<group>";
		};
/* End PBXVariantGroup section */

/* Begin XCBuildConfiguration section */
		D737C4971FC6CF18000F723F /* Debug */ = {
			isa = XCBuildConfiguration;
			buildSettings = {
				ALWAYS_SEARCH_USER_PATHS = NO;
				CLANG_ANALYZER_NONNULL = YES;
				CLANG_ANALYZER_NUMBER_OBJECT_CONVERSION = YES_AGGRESSIVE;
				CLANG_CXX_LANGUAGE_STANDARD = "gnu++14";
				CLANG_CXX_LIBRARY = "libc++";
				CLANG_ENABLE_MODULES = YES;
				CLANG_ENABLE_OBJC_ARC = YES;
				CLANG_WARN_BLOCK_CAPTURE_AUTORELEASING = YES;
				CLANG_WARN_BOOL_CONVERSION = YES;
				CLANG_WARN_COMMA = YES;
				CLANG_WARN_CONSTANT_CONVERSION = YES;
				CLANG_WARN_DIRECT_OBJC_ISA_USAGE = YES_ERROR;
				CLANG_WARN_DOCUMENTATION_COMMENTS = YES;
				CLANG_WARN_EMPTY_BODY = YES;
				CLANG_WARN_ENUM_CONVERSION = YES;
				CLANG_WARN_INFINITE_RECURSION = YES;
				CLANG_WARN_INT_CONVERSION = YES;
				CLANG_WARN_NON_LITERAL_NULL_CONVERSION = YES;
				CLANG_WARN_OBJC_LITERAL_CONVERSION = YES;
				CLANG_WARN_OBJC_ROOT_CLASS = YES_ERROR;
				CLANG_WARN_RANGE_LOOP_ANALYSIS = YES;
				CLANG_WARN_STRICT_PROTOTYPES = YES;
				CLANG_WARN_SUSPICIOUS_MOVE = YES;
				CLANG_WARN_UNGUARDED_AVAILABILITY = YES_AGGRESSIVE;
				CLANG_WARN_UNREACHABLE_CODE = YES;
				CLANG_WARN__DUPLICATE_METHOD_MATCH = YES;
				CODE_SIGN_IDENTITY = "iPhone Developer";
				COPY_PHASE_STRIP = NO;
				DEBUG_INFORMATION_FORMAT = dwarf;
				ENABLE_STRICT_OBJC_MSGSEND = YES;
				ENABLE_TESTABILITY = YES;
				GCC_C_LANGUAGE_STANDARD = gnu11;
				GCC_DYNAMIC_NO_PIC = NO;
				GCC_NO_COMMON_BLOCKS = YES;
				GCC_OPTIMIZATION_LEVEL = 0;
				GCC_PREPROCESSOR_DEFINITIONS = (
					"DEBUG=1",
					"$(inherited)",
				);
				GCC_WARN_64_TO_32_BIT_CONVERSION = YES;
				GCC_WARN_ABOUT_RETURN_TYPE = YES_ERROR;
				GCC_WARN_UNDECLARED_SELECTOR = YES;
				GCC_WARN_UNINITIALIZED_AUTOS = YES_AGGRESSIVE;
				GCC_WARN_UNUSED_FUNCTION = YES;
				GCC_WARN_UNUSED_VARIABLE = YES;
				IPHONEOS_DEPLOYMENT_TARGET = 11.0;
				MTL_ENABLE_DEBUG_INFO = YES;
				ONLY_ACTIVE_ARCH = YES;
				SDKROOT = iphoneos;
			};
			name = Debug;
		};
		D737C4981FC6CF18000F723F /* Release */ = {
			isa = XCBuildConfiguration;
			buildSettings = {
				ALWAYS_SEARCH_USER_PATHS = NO;
				CLANG_ANALYZER_NONNULL = YES;
				CLANG_ANALYZER_NUMBER_OBJECT_CONVERSION = YES_AGGRESSIVE;
				CLANG_CXX_LANGUAGE_STANDARD = "gnu++14";
				CLANG_CXX_LIBRARY = "libc++";
				CLANG_ENABLE_MODULES = YES;
				CLANG_ENABLE_OBJC_ARC = YES;
				CLANG_WARN_BLOCK_CAPTURE_AUTORELEASING = YES;
				CLANG_WARN_BOOL_CONVERSION = YES;
				CLANG_WARN_COMMA = YES;
				CLANG_WARN_CONSTANT_CONVERSION = YES;
				CLANG_WARN_DIRECT_OBJC_ISA_USAGE = YES_ERROR;
				CLANG_WARN_DOCUMENTATION_COMMENTS = YES;
				CLANG_WARN_EMPTY_BODY = YES;
				CLANG_WARN_ENUM_CONVERSION = YES;
				CLANG_WARN_INFINITE_RECURSION = YES;
				CLANG_WARN_INT_CONVERSION = YES;
				CLANG_WARN_NON_LITERAL_NULL_CONVERSION = YES;
				CLANG_WARN_OBJC_LITERAL_CONVERSION = YES;
				CLANG_WARN_OBJC_ROOT_CLASS = YES_ERROR;
				CLANG_WARN_RANGE_LOOP_ANALYSIS = YES;
				CLANG_WARN_STRICT_PROTOTYPES = YES;
				CLANG_WARN_SUSPICIOUS_MOVE = YES;
				CLANG_WARN_UNGUARDED_AVAILABILITY = YES_AGGRESSIVE;
				CLANG_WARN_UNREACHABLE_CODE = YES;
				CLANG_WARN__DUPLICATE_METHOD_MATCH = YES;
				CODE_SIGN_IDENTITY = "iPhone Developer";
				COPY_PHASE_STRIP = NO;
				DEBUG_INFORMATION_FORMAT = "dwarf-with-dsym";
				ENABLE_NS_ASSERTIONS = NO;
				ENABLE_STRICT_OBJC_MSGSEND = YES;
				GCC_C_LANGUAGE_STANDARD = gnu11;
				GCC_NO_COMMON_BLOCKS = YES;
				GCC_WARN_64_TO_32_BIT_CONVERSION = YES;
				GCC_WARN_ABOUT_RETURN_TYPE = YES_ERROR;
				GCC_WARN_UNDECLARED_SELECTOR = YES;
				GCC_WARN_UNINITIALIZED_AUTOS = YES_AGGRESSIVE;
				GCC_WARN_UNUSED_FUNCTION = YES;
				GCC_WARN_UNUSED_VARIABLE = YES;
				IPHONEOS_DEPLOYMENT_TARGET = 11.0;
				MTL_ENABLE_DEBUG_INFO = NO;
				SDKROOT = iphoneos;
				VALIDATE_PRODUCT = YES;
			};
			name = Release;
		};
		D737C49A1FC6CF18000F723F /* Debug */ = {
			isa = XCBuildConfiguration;
			buildSettings = {
				ASSETCATALOG_COMPILER_APPICON_NAME = AppIcon;
				CODE_SIGN_STYLE = Automatic;
				DEVELOPMENT_TEAM = 9E4E9VHL33;
				INFOPLIST_FILE = "Hajirakhata Autologin/Info.plist";
				IPHONEOS_DEPLOYMENT_TARGET = 10.2;
				LD_RUNPATH_SEARCH_PATHS = "$(inherited) @executable_path/Frameworks";
				PRODUCT_BUNDLE_IDENTIFIER = "com.revesoft.akon.hajirakhata-autologin";
				PRODUCT_NAME = "$(TARGET_NAME)";
				TARGETED_DEVICE_FAMILY = "1,2";
			};
			name = Debug;
		};
		D737C49B1FC6CF18000F723F /* Release */ = {
			isa = XCBuildConfiguration;
			buildSettings = {
				ASSETCATALOG_COMPILER_APPICON_NAME = AppIcon;
				CODE_SIGN_STYLE = Automatic;
				DEVELOPMENT_TEAM = 9E4E9VHL33;
				INFOPLIST_FILE = "Hajirakhata Autologin/Info.plist";
				IPHONEOS_DEPLOYMENT_TARGET = 10.2;
				LD_RUNPATH_SEARCH_PATHS = "$(inherited) @executable_path/Frameworks";
				PRODUCT_BUNDLE_IDENTIFIER = "com.revesoft.akon.hajirakhata-autologin";
				PRODUCT_NAME = "$(TARGET_NAME)";
				TARGETED_DEVICE_FAMILY = "1,2";
			};
			name = Release;
		};
/* End XCBuildConfiguration section */

/* Begin XCConfigurationList section */
		D737C47E1FC6CF16000F723F /* Build configuration list for PBXProject "Hajirakhata Autologin" */ = {
			isa = XCConfigurationList;
			buildConfigurations = (
				D737C4971FC6CF18000F723F /* Debug */,
				D737C4981FC6CF18000F723F /* Release */,
			);
			defaultConfigurationIsVisible = 0;
			defaultConfigurationName = Release;
		};
		D737C4991FC6CF18000F723F /* Build configuration list for PBXNativeTarget "Hajirakhata Autologin" */ = {
			isa = XCConfigurationList;
			buildConfigurations = (
				D737C49A1FC6CF18000F723F /* Debug */,
				D737C49B1FC6CF18000F723F /* Release */,
			);
			defaultConfigurationIsVisible = 0;
			defaultConfigurationName = Release;
		};
/* End XCConfigurationList section */
	};
	rootObject = D737C47B1FC6CF16000F723F /* Project object */;
}
